
Microsoft Visual Studio Solution File, Format Version 12.00
Project("{FAE04EC0-301F-11D3-BF4B-00C04F79EFBC}") = "Alex-Warehouse", "Alex-Warehouse\Alex-Warehouse.csproj", "{41D3BAFE-BF3B-4F2B-8A2C-02F7E806441A}"
EndProject
Global
	GlobalSection(SolutionConfigurationPlatforms) = preSolution
		Debug|Any CPU = Debug|Any CPU
		Release|Any CPU = Release|Any CPU
	EndGlobalSection
	GlobalSection(ProjectConfigurationPlatforms) = postSolution
		{41D3BAFE-BF3B-4F2B-8A2C-02F7E806441A}.Debug|Any CPU.ActiveCfg = Debug|Any CPU
		{41D3BAFE-BF3B-4F2B-8A2C-02F7E806441A}.Debug|Any CPU.Build.0 = Debug|Any CPU
		{41D3BAFE-BF3B-4F2B-8A2C-02F7E806441A}.Release|Any CPU.ActiveCfg = Release|Any CPU
		{41D3BAFE-BF3B-4F2B-8A2C-02F7E806441A}.Release|Any CPU.Build.0 = Release|Any CPU
	EndGlobalSection
EndGlobal
